
Microsoft Visual Studio Solution File, Format Version 12.00
# Visual Studio Version 16
VisualStudioVersion = 16.0.33130.400
MinimumVisualStudioVersion = 10.0.40219.1
Project("{9A19103F-16F7-4668-BE54-9A1E7A4F7556}") = "DiscordBot", "DiscordBot\TEstDiscord.csproj", "{8FB64AA4-6F48-48C6-813B-8B163FD16DC9}"
EndProject
Global
	GlobalSection(SolutionConfigurationPlatforms) = preSolution
		Debug|Any CPU = Debug|Any CPU
		Release|Any CPU = Release|Any CPU
	EndGlobalSection
	GlobalSection(ProjectConfigurationPlatforms) = postSolution
		{8FB64AA4-6F48-48C6-813B-8B163FD16DC9}.Debug|Any CPU.ActiveCfg = Debug|Any CPU
		{8FB64AA4-6F48-48C6-813B-8B163FD16DC9}.Debug|Any CPU.Build.0 = Debug|Any CPU
		{8FB64AA4-6F48-48C6-813B-8B163FD16DC9}.Release|Any CPU.ActiveCfg = Release|Any CPU
		{8FB64AA4-6F48-48C6-813B-8B163FD16DC9}.Release|Any CPU.Build.0 = Release|Any CPU
	EndGlobalSection
	GlobalSection(SolutionProperties) = preSolution
		HideSolutionNode = FALSE
	EndGlobalSection
	GlobalSection(ExtensibilityGlobals) = postSolution
		SolutionGuid = {E072F5C2-1BD6-4260-B0C1-1289C3179996}
	EndGlobalSection
EndGlobal
