
Microsoft Visual Studio Solution File, Format Version 12.00
# Visual Studio Version 17
VisualStudioVersion = 17.4.33213.308
MinimumVisualStudioVersion = 10.0.40219.1
Project("{FAE04EC0-301F-11D3-BF4B-00C04F79EFBC}") = "TEstDiscord", "TEstDiscord\TEstDiscord.csproj", "{428CF842-713B-4CBF-B727-9BC68E50F6A7}"
EndProject
Global
	GlobalSection(SolutionConfigurationPlatforms) = preSolution
		Debug|Any CPU = Debug|Any CPU
		Release|Any CPU = Release|Any CPU
	EndGlobalSection
	GlobalSection(ProjectConfigurationPlatforms) = postSolution
		{428CF842-713B-4CBF-B727-9BC68E50F6A7}.Debug|Any CPU.ActiveCfg = Debug|Any CPU
		{428CF842-713B-4CBF-B727-9BC68E50F6A7}.Debug|Any CPU.Build.0 = Debug|Any CPU
		{428CF842-713B-4CBF-B727-9BC68E50F6A7}.Release|Any CPU.ActiveCfg = Release|Any CPU
		{428CF842-713B-4CBF-B727-9BC68E50F6A7}.Release|Any CPU.Build.0 = Release|Any CPU
	EndGlobalSection
	GlobalSection(SolutionProperties) = preSolution
		HideSolutionNode = FALSE
	EndGlobalSection
	GlobalSection(ExtensibilityGlobals) = postSolution
		SolutionGuid = {E072F5C2-1BD6-4260-B0C1-1289C3179996}
	EndGlobalSection
EndGlobal
